
Microsoft Visual Studio Solution File, Format Version 12.00
# Visual Studio 15
VisualStudioVersion = 15.0.27428.2043
MinimumVisualStudioVersion = 10.0.40219.1
Project("{9A19103F-16F7-4668-BE54-9A1E7A4F7556}") = "Template.MVC", "Template.MVC\Template.MVC.csproj", "{F993CBF9-916B-429D-90E5-71C7269406EE}"
EndProject
Project("{2150E333-8FDC-42A3-9474-1A3956D46DE8}") = "Apresentacao", "Apresentacao", "{5434E7E0-2E4D-492C-B44B-22E8F3649791}"
EndProject
Project("{9A19103F-16F7-4668-BE54-9A1E7A4F7556}") = "Template.Cadastro.Domain", "Template.Domain\Template.Cadastro.Domain.csproj", "{28285F6E-EB10-4DFA-9DC1-12B21F25140E}"
EndProject
Project("{9A19103F-16F7-4668-BE54-9A1E7A4F7556}") = "Template.Core.Domain", "Template.Domain.Core\Template.Core.Domain.csproj", "{58BAFAB2-A460-4B99-A1A2-3D412967E995}"
EndProject
Project("{9A19103F-16F7-4668-BE54-9A1E7A4F7556}") = "Template.Cadastro.Infra.CrossCutting.Autenticacao", "Template.Infra.CrossCutting.Autenticacao\Template.Cadastro.Infra.CrossCutting.Autenticacao.csproj", "{0B5EA04E-8A58-4C2C-86EE-168CDE9E4770}"
EndProject
Project("{9A19103F-16F7-4668-BE54-9A1E7A4F7556}") = "Template.Cadastro.Infra.Data", "Template.Infra.Data\Template.Cadastro.Infra.Data.csproj", "{78B93E0B-CC72-404C-BCFD-821A1F2C164F}"
EndProject
Project("{9A19103F-16F7-4668-BE54-9A1E7A4F7556}") = "Template.Cadastro.Api", "Template.Service\Template.Cadastro.Api.csproj", "{36B286F3-88CF-42ED-8DAD-9E010CEB8C22}"
EndProject
Project("{9A19103F-16F7-4668-BE54-9A1E7A4F7556}") = "Template.Cadastro.Infra.CrossCutting.IoC", "Template.Infra.IoC\Template.Cadastro.Infra.CrossCutting.IoC.csproj", "{FAD5898A-7C2C-452C-8373-89439579A65D}"
EndProject
Project("{2150E333-8FDC-42A3-9474-1A3956D46DE8}") = "Cadastro", "Cadastro", "{FD313567-B6A4-4914-A5AB-32361B5CB34E}"
EndProject
Project("{2150E333-8FDC-42A3-9474-1A3956D46DE8}") = "Core", "Core", "{9E6EB56D-B5AD-4938-AF70-296850B10976}"
EndProject
Project("{2150E333-8FDC-42A3-9474-1A3956D46DE8}") = "Comercial", "Comercial", "{22245AD7-ED1C-4968-A210-25A26B353E15}"
EndProject
Project("{9A19103F-16F7-4668-BE54-9A1E7A4F7556}") = "Template.Comercial.Domain", "Template.Comercial.Domain\Template.Comercial.Domain.csproj", "{92D78944-B4F8-4C0C-9EBA-65F1299E5F8A}"
EndProject
Project("{9A19103F-16F7-4668-BE54-9A1E7A4F7556}") = "Template.Comercial.Infra.CrossCutting.IoC", "Template.Comercial.Infra.CrossCutting.IoC\Template.Comercial.Infra.CrossCutting.IoC.csproj", "{B0818E4E-A6FD-423A-8E9B-A14B37EBD806}"
EndProject
Project("{9A19103F-16F7-4668-BE54-9A1E7A4F7556}") = "Template.Comercial.Infra.Data", "Template.Comercial.Infra.Data\Template.Comercial.Infra.Data.csproj", "{C5E22F8C-AF36-4390-B2AE-6DAF90A6D2D7}"
EndProject
Project("{9A19103F-16F7-4668-BE54-9A1E7A4F7556}") = "Template.Comercial.Api", "Template.Comercial.Api\Template.Comercial.Api.csproj", "{4ED9FE1C-5FA9-4DB5-BA1A-BA409FB5010C}"
EndProject
Project("{9A19103F-16F7-4668-BE54-9A1E7A4F7556}") = "Template.Core.Infra.Data", "Template.Core.Infra.Data\Template.Core.Infra.Data.csproj", "{3E154B6A-DE8B-4171-9137-5D8A2D305F15}"
EndProject
Project("{2150E333-8FDC-42A3-9474-1A3956D46DE8}") = "Biblioteca", "Biblioteca", "{8E045727-E5E2-447A-AC93-4CD1104FF372}"
EndProject
Project("{9A19103F-16F7-4668-BE54-9A1E7A4F7556}") = "Template.Framework", "Template.Framework\Template.Framework.csproj", "{08CE5618-868D-4474-AAAB-55272D0AF738}"
EndProject
Project("{FAE04EC0-301F-11D3-BF4B-00C04F79EFBC}") = "Template.Teste", "Template.Teste\Template.Teste.csproj", "{6B2AD734-2EF6-407D-B65B-A5872B572BE1}"
EndProject
Project("{2150E333-8FDC-42A3-9474-1A3956D46DE8}") = "Testes", "Testes", "{71A1A2D6-3CAC-4734-98D2-67120D811F28}"
EndProject
Global
	GlobalSection(SolutionConfigurationPlatforms) = preSolution
		Debug|Any CPU = Debug|Any CPU
		Release|Any CPU = Release|Any CPU
	EndGlobalSection
	GlobalSection(ProjectConfigurationPlatforms) = postSolution
		{F993CBF9-916B-429D-90E5-71C7269406EE}.Debug|Any CPU.ActiveCfg = Debug|Any CPU
		{F993CBF9-916B-429D-90E5-71C7269406EE}.Debug|Any CPU.Build.0 = Debug|Any CPU
		{F993CBF9-916B-429D-90E5-71C7269406EE}.Release|Any CPU.ActiveCfg = Release|Any CPU
		{F993CBF9-916B-429D-90E5-71C7269406EE}.Release|Any CPU.Build.0 = Release|Any CPU
		{28285F6E-EB10-4DFA-9DC1-12B21F25140E}.Debug|Any CPU.ActiveCfg = Debug|Any CPU
		{28285F6E-EB10-4DFA-9DC1-12B21F25140E}.Debug|Any CPU.Build.0 = Debug|Any CPU
		{28285F6E-EB10-4DFA-9DC1-12B21F25140E}.Release|Any CPU.ActiveCfg = Release|Any CPU
		{28285F6E-EB10-4DFA-9DC1-12B21F25140E}.Release|Any CPU.Build.0 = Release|Any CPU
		{58BAFAB2-A460-4B99-A1A2-3D412967E995}.Debug|Any CPU.ActiveCfg = Debug|Any CPU
		{58BAFAB2-A460-4B99-A1A2-3D412967E995}.Debug|Any CPU.Build.0 = Debug|Any CPU
		{58BAFAB2-A460-4B99-A1A2-3D412967E995}.Release|Any CPU.ActiveCfg = Release|Any CPU
		{58BAFAB2-A460-4B99-A1A2-3D412967E995}.Release|Any CPU.Build.0 = Release|Any CPU
		{0B5EA04E-8A58-4C2C-86EE-168CDE9E4770}.Debug|Any CPU.ActiveCfg = Debug|Any CPU
		{0B5EA04E-8A58-4C2C-86EE-168CDE9E4770}.Debug|Any CPU.Build.0 = Debug|Any CPU
		{0B5EA04E-8A58-4C2C-86EE-168CDE9E4770}.Release|Any CPU.ActiveCfg = Release|Any CPU
		{0B5EA04E-8A58-4C2C-86EE-168CDE9E4770}.Release|Any CPU.Build.0 = Release|Any CPU
		{78B93E0B-CC72-404C-BCFD-821A1F2C164F}.Debug|Any CPU.ActiveCfg = Debug|Any CPU
		{78B93E0B-CC72-404C-BCFD-821A1F2C164F}.Debug|Any CPU.Build.0 = Debug|Any CPU
		{78B93E0B-CC72-404C-BCFD-821A1F2C164F}.Release|Any CPU.ActiveCfg = Release|Any CPU
		{78B93E0B-CC72-404C-BCFD-821A1F2C164F}.Release|Any CPU.Build.0 = Release|Any CPU
		{36B286F3-88CF-42ED-8DAD-9E010CEB8C22}.Debug|Any CPU.ActiveCfg = Debug|Any CPU
		{36B286F3-88CF-42ED-8DAD-9E010CEB8C22}.Debug|Any CPU.Build.0 = Debug|Any CPU
		{36B286F3-88CF-42ED-8DAD-9E010CEB8C22}.Release|Any CPU.ActiveCfg = Release|Any CPU
		{36B286F3-88CF-42ED-8DAD-9E010CEB8C22}.Release|Any CPU.Build.0 = Release|Any CPU
		{FAD5898A-7C2C-452C-8373-89439579A65D}.Debug|Any CPU.ActiveCfg = Debug|Any CPU
		{FAD5898A-7C2C-452C-8373-89439579A65D}.Debug|Any CPU.Build.0 = Debug|Any CPU
		{FAD5898A-7C2C-452C-8373-89439579A65D}.Release|Any CPU.ActiveCfg = Release|Any CPU
		{FAD5898A-7C2C-452C-8373-89439579A65D}.Release|Any CPU.Build.0 = Release|Any CPU
		{92D78944-B4F8-4C0C-9EBA-65F1299E5F8A}.Debug|Any CPU.ActiveCfg = Debug|Any CPU
		{92D78944-B4F8-4C0C-9EBA-65F1299E5F8A}.Debug|Any CPU.Build.0 = Debug|Any CPU
		{92D78944-B4F8-4C0C-9EBA-65F1299E5F8A}.Release|Any CPU.ActiveCfg = Release|Any CPU
		{92D78944-B4F8-4C0C-9EBA-65F1299E5F8A}.Release|Any CPU.Build.0 = Release|Any CPU
		{B0818E4E-A6FD-423A-8E9B-A14B37EBD806}.Debug|Any CPU.ActiveCfg = Debug|Any CPU
		{B0818E4E-A6FD-423A-8E9B-A14B37EBD806}.Debug|Any CPU.Build.0 = Debug|Any CPU
		{B0818E4E-A6FD-423A-8E9B-A14B37EBD806}.Release|Any CPU.ActiveCfg = Release|Any CPU
		{B0818E4E-A6FD-423A-8E9B-A14B37EBD806}.Release|Any CPU.Build.0 = Release|Any CPU
		{C5E22F8C-AF36-4390-B2AE-6DAF90A6D2D7}.Debug|Any CPU.ActiveCfg = Debug|Any CPU
		{C5E22F8C-AF36-4390-B2AE-6DAF90A6D2D7}.Debug|Any CPU.Build.0 = Debug|Any CPU
		{C5E22F8C-AF36-4390-B2AE-6DAF90A6D2D7}.Release|Any CPU.ActiveCfg = Release|Any CPU
		{C5E22F8C-AF36-4390-B2AE-6DAF90A6D2D7}.Release|Any CPU.Build.0 = Release|Any CPU
		{4ED9FE1C-5FA9-4DB5-BA1A-BA409FB5010C}.Debug|Any CPU.ActiveCfg = Debug|Any CPU
		{4ED9FE1C-5FA9-4DB5-BA1A-BA409FB5010C}.Debug|Any CPU.Build.0 = Debug|Any CPU
		{4ED9FE1C-5FA9-4DB5-BA1A-BA409FB5010C}.Release|Any CPU.ActiveCfg = Release|Any CPU
		{4ED9FE1C-5FA9-4DB5-BA1A-BA409FB5010C}.Release|Any CPU.Build.0 = Release|Any CPU
		{3E154B6A-DE8B-4171-9137-5D8A2D305F15}.Debug|Any CPU.ActiveCfg = Debug|Any CPU
		{3E154B6A-DE8B-4171-9137-5D8A2D305F15}.Debug|Any CPU.Build.0 = Debug|Any CPU
		{3E154B6A-DE8B-4171-9137-5D8A2D305F15}.Release|Any CPU.ActiveCfg = Release|Any CPU
		{3E154B6A-DE8B-4171-9137-5D8A2D305F15}.Release|Any CPU.Build.0 = Release|Any CPU
		{08CE5618-868D-4474-AAAB-55272D0AF738}.Debug|Any CPU.ActiveCfg = Debug|Any CPU
		{08CE5618-868D-4474-AAAB-55272D0AF738}.Debug|Any CPU.Build.0 = Debug|Any CPU
		{08CE5618-868D-4474-AAAB-55272D0AF738}.Release|Any CPU.ActiveCfg = Release|Any CPU
		{08CE5618-868D-4474-AAAB-55272D0AF738}.Release|Any CPU.Build.0 = Release|Any CPU
		{6B2AD734-2EF6-407D-B65B-A5872B572BE1}.Debug|Any CPU.ActiveCfg = Debug|Any CPU
		{6B2AD734-2EF6-407D-B65B-A5872B572BE1}.Debug|Any CPU.Build.0 = Debug|Any CPU
		{6B2AD734-2EF6-407D-B65B-A5872B572BE1}.Release|Any CPU.ActiveCfg = Release|Any CPU
		{6B2AD734-2EF6-407D-B65B-A5872B572BE1}.Release|Any CPU.Build.0 = Release|Any CPU
	EndGlobalSection
	GlobalSection(SolutionProperties) = preSolution
		HideSolutionNode = FALSE
	EndGlobalSection
	GlobalSection(NestedProjects) = preSolution
		{F993CBF9-916B-429D-90E5-71C7269406EE} = {5434E7E0-2E4D-492C-B44B-22E8F3649791}
		{28285F6E-EB10-4DFA-9DC1-12B21F25140E} = {FD313567-B6A4-4914-A5AB-32361B5CB34E}
		{58BAFAB2-A460-4B99-A1A2-3D412967E995} = {9E6EB56D-B5AD-4938-AF70-296850B10976}
		{0B5EA04E-8A58-4C2C-86EE-168CDE9E4770} = {FD313567-B6A4-4914-A5AB-32361B5CB34E}
		{78B93E0B-CC72-404C-BCFD-821A1F2C164F} = {FD313567-B6A4-4914-A5AB-32361B5CB34E}
		{36B286F3-88CF-42ED-8DAD-9E010CEB8C22} = {FD313567-B6A4-4914-A5AB-32361B5CB34E}
		{FAD5898A-7C2C-452C-8373-89439579A65D} = {FD313567-B6A4-4914-A5AB-32361B5CB34E}
		{92D78944-B4F8-4C0C-9EBA-65F1299E5F8A} = {22245AD7-ED1C-4968-A210-25A26B353E15}
		{B0818E4E-A6FD-423A-8E9B-A14B37EBD806} = {22245AD7-ED1C-4968-A210-25A26B353E15}
		{C5E22F8C-AF36-4390-B2AE-6DAF90A6D2D7} = {22245AD7-ED1C-4968-A210-25A26B353E15}
		{4ED9FE1C-5FA9-4DB5-BA1A-BA409FB5010C} = {22245AD7-ED1C-4968-A210-25A26B353E15}
		{3E154B6A-DE8B-4171-9137-5D8A2D305F15} = {9E6EB56D-B5AD-4938-AF70-296850B10976}
		{08CE5618-868D-4474-AAAB-55272D0AF738} = {8E045727-E5E2-447A-AC93-4CD1104FF372}
		{6B2AD734-2EF6-407D-B65B-A5872B572BE1} = {71A1A2D6-3CAC-4734-98D2-67120D811F28}
	EndGlobalSection
	GlobalSection(ExtensibilityGlobals) = postSolution
		SolutionGuid = {370032D3-0AD4-4E92-87C1-3D5FB2AE9A8C}
	EndGlobalSection
EndGlobal
